
Microsoft Visual Studio Solution File, Format Version 12.00
Project("{FAE04EC0-301F-11D3-BF4B-00C04F79EFBC}") = "ECommerce.Core", "ECommerce.Core\ECommerce.Core.csproj", "{56FDE8A9-F23E-46FF-915D-824015B73DEC}"
EndProject
Global
	GlobalSection(SolutionConfigurationPlatforms) = preSolution
		Debug|Any CPU = Debug|Any CPU
		Release|Any CPU = Release|Any CPU
	EndGlobalSection
	GlobalSection(ProjectConfigurationPlatforms) = postSolution
		{56FDE8A9-F23E-46FF-915D-824015B73DEC}.Debug|Any CPU.ActiveCfg = Debug|Any CPU
		{56FDE8A9-F23E-46FF-915D-824015B73DEC}.Debug|Any CPU.Build.0 = Debug|Any CPU
		{56FDE8A9-F23E-46FF-915D-824015B73DEC}.Release|Any CPU.ActiveCfg = Release|Any CPU
		{56FDE8A9-F23E-46FF-915D-824015B73DEC}.Release|Any CPU.Build.0 = Release|Any CPU
	EndGlobalSection
EndGlobal
