
Microsoft Visual Studio Solution File, Format Version 12.00
Project("{2150E333-8FDC-42A3-9474-1A3956D46DE8}") = "Solution Items", "Solution Items", "{7C487FE8-CD35-45D1-B775-5A6B33CB8A05}"
	ProjectSection(SolutionItems) = preProject
		README.md = README.md
		LICENSE = LICENSE
		Core.Build.props = Core.Build.props
		Directory.Build.props = Directory.Build.props
		Tests.Build.props = Tests.Build.props
		.gitignore = .gitignore
		.editorconfig = .editorconfig
	EndProjectSection
EndProject
Project("{2150E333-8FDC-42A3-9474-1A3956D46DE8}") = "Core", "Core", "{5C748417-563A-41A4-AC92-67A815C5A929}"
EndProject
Project("{FAE04EC0-301F-11D3-BF4B-00C04F79EFBC}") = "Ecommerce.Core", "src\Core\Ecommerce.Core\Ecommerce.Core.csproj", "{9CD0617F-6555-4F29-9C3E-211DC9A92CD5}"
EndProject
Project("{FAE04EC0-301F-11D3-BF4B-00C04F79EFBC}") = "Ecommerce.Core.Testing", "src\Core\Ecommerce.Core.Testing\Ecommerce.Core.Testing.csproj", "{1636BA0D-7840-41DD-B3C5-6462AF565897}"
EndProject
Project("{FAE04EC0-301F-11D3-BF4B-00C04F79EFBC}") = "Ecommerce.Core.WebApi", "src\Core\Ecommerce.Core.WebApi\Ecommerce.Core.WebApi.csproj", "{B2E5BA11-4D04-46A4-8069-195462BF6C30}"
EndProject
Project("{2150E333-8FDC-42A3-9474-1A3956D46DE8}") = "Tests", "Tests", "{2A08789D-7D6F-44AE-B27F-616BB1553CD8}"
EndProject
Project("{FAE04EC0-301F-11D3-BF4B-00C04F79EFBC}") = "Ecommerce.Core.Tests", "src\Core\Ecommerce.Core.Tests\Ecommerce.Core.Tests.csproj", "{20DE1E80-A559-41D6-AB07-5E347EB8B73F}"
EndProject
Project("{2150E333-8FDC-42A3-9474-1A3956D46DE8}") = "Catalog", "Catalog", "{D2D32A1B-54D9-406B-8A45-E8D07CB73DA0}"
EndProject
Project("{FAE04EC0-301F-11D3-BF4B-00C04F79EFBC}") = "Ecommerce.Catalog", "src\Catalog\Ecommerce.Catalog\Ecommerce.Catalog.csproj", "{BF1B91A4-5513-49D1-B55B-B5D6F2BB717F}"
EndProject
Project("{FAE04EC0-301F-11D3-BF4B-00C04F79EFBC}") = "Ecommerce.Core.Marten", "src\Core\Ecommerce.Core.Marten\Ecommerce.Core.Marten.csproj", "{0C7F9246-9EF0-41A1-A212-B80E9F990DFA}"
EndProject
Project("{FAE04EC0-301F-11D3-BF4B-00C04F79EFBC}") = "Ecommerce.Catalog.WebApi", "src\Catalog\Ecommerce.Catalog.WebApi\Ecommerce.Catalog.WebApi.csproj", "{1F5F1C4A-B3B0-4D8F-A504-2EB02AA2EF43}"
EndProject
Global
	GlobalSection(SolutionConfigurationPlatforms) = preSolution
		Debug|Any CPU = Debug|Any CPU
		Release|Any CPU = Release|Any CPU
	EndGlobalSection
	GlobalSection(ProjectConfigurationPlatforms) = postSolution
		{9CD0617F-6555-4F29-9C3E-211DC9A92CD5}.Debug|Any CPU.ActiveCfg = Debug|Any CPU
		{9CD0617F-6555-4F29-9C3E-211DC9A92CD5}.Debug|Any CPU.Build.0 = Debug|Any CPU
		{9CD0617F-6555-4F29-9C3E-211DC9A92CD5}.Release|Any CPU.ActiveCfg = Release|Any CPU
		{9CD0617F-6555-4F29-9C3E-211DC9A92CD5}.Release|Any CPU.Build.0 = Release|Any CPU
		{1636BA0D-7840-41DD-B3C5-6462AF565897}.Debug|Any CPU.ActiveCfg = Debug|Any CPU
		{1636BA0D-7840-41DD-B3C5-6462AF565897}.Debug|Any CPU.Build.0 = Debug|Any CPU
		{1636BA0D-7840-41DD-B3C5-6462AF565897}.Release|Any CPU.ActiveCfg = Release|Any CPU
		{1636BA0D-7840-41DD-B3C5-6462AF565897}.Release|Any CPU.Build.0 = Release|Any CPU
		{B2E5BA11-4D04-46A4-8069-195462BF6C30}.Debug|Any CPU.ActiveCfg = Debug|Any CPU
		{B2E5BA11-4D04-46A4-8069-195462BF6C30}.Debug|Any CPU.Build.0 = Debug|Any CPU
		{B2E5BA11-4D04-46A4-8069-195462BF6C30}.Release|Any CPU.ActiveCfg = Release|Any CPU
		{B2E5BA11-4D04-46A4-8069-195462BF6C30}.Release|Any CPU.Build.0 = Release|Any CPU
		{20DE1E80-A559-41D6-AB07-5E347EB8B73F}.Debug|Any CPU.ActiveCfg = Debug|Any CPU
		{20DE1E80-A559-41D6-AB07-5E347EB8B73F}.Debug|Any CPU.Build.0 = Debug|Any CPU
		{20DE1E80-A559-41D6-AB07-5E347EB8B73F}.Release|Any CPU.ActiveCfg = Release|Any CPU
		{20DE1E80-A559-41D6-AB07-5E347EB8B73F}.Release|Any CPU.Build.0 = Release|Any CPU
		{BF1B91A4-5513-49D1-B55B-B5D6F2BB717F}.Debug|Any CPU.ActiveCfg = Debug|Any CPU
		{BF1B91A4-5513-49D1-B55B-B5D6F2BB717F}.Debug|Any CPU.Build.0 = Debug|Any CPU
		{BF1B91A4-5513-49D1-B55B-B5D6F2BB717F}.Release|Any CPU.ActiveCfg = Release|Any CPU
		{BF1B91A4-5513-49D1-B55B-B5D6F2BB717F}.Release|Any CPU.Build.0 = Release|Any CPU
		{0C7F9246-9EF0-41A1-A212-B80E9F990DFA}.Debug|Any CPU.ActiveCfg = Debug|Any CPU
		{0C7F9246-9EF0-41A1-A212-B80E9F990DFA}.Debug|Any CPU.Build.0 = Debug|Any CPU
		{0C7F9246-9EF0-41A1-A212-B80E9F990DFA}.Release|Any CPU.ActiveCfg = Release|Any CPU
		{0C7F9246-9EF0-41A1-A212-B80E9F990DFA}.Release|Any CPU.Build.0 = Release|Any CPU
		{1F5F1C4A-B3B0-4D8F-A504-2EB02AA2EF43}.Debug|Any CPU.ActiveCfg = Debug|Any CPU
		{1F5F1C4A-B3B0-4D8F-A504-2EB02AA2EF43}.Debug|Any CPU.Build.0 = Debug|Any CPU
		{1F5F1C4A-B3B0-4D8F-A504-2EB02AA2EF43}.Release|Any CPU.ActiveCfg = Release|Any CPU
		{1F5F1C4A-B3B0-4D8F-A504-2EB02AA2EF43}.Release|Any CPU.Build.0 = Release|Any CPU
	EndGlobalSection
	GlobalSection(NestedProjects) = preSolution
		{9CD0617F-6555-4F29-9C3E-211DC9A92CD5} = {5C748417-563A-41A4-AC92-67A815C5A929}
		{1636BA0D-7840-41DD-B3C5-6462AF565897} = {5C748417-563A-41A4-AC92-67A815C5A929}
		{B2E5BA11-4D04-46A4-8069-195462BF6C30} = {5C748417-563A-41A4-AC92-67A815C5A929}
		{20DE1E80-A559-41D6-AB07-5E347EB8B73F} = {2A08789D-7D6F-44AE-B27F-616BB1553CD8}
		{BF1B91A4-5513-49D1-B55B-B5D6F2BB717F} = {D2D32A1B-54D9-406B-8A45-E8D07CB73DA0}
		{0C7F9246-9EF0-41A1-A212-B80E9F990DFA} = {5C748417-563A-41A4-AC92-67A815C5A929}
		{1F5F1C4A-B3B0-4D8F-A504-2EB02AA2EF43} = {D2D32A1B-54D9-406B-8A45-E8D07CB73DA0}
	EndGlobalSection
EndGlobal
