
Microsoft Visual Studio Solution File, Format Version 12.00
Project("{2150E333-8FDC-42A3-9474-1A3956D46DE8}") = "Solution Items", "Solution Items", "{7C487FE8-CD35-45D1-B775-5A6B33CB8A05}"
	ProjectSection(SolutionItems) = preProject
		README.md = README.md
		LICENSE = LICENSE
		Analysis.Build.props = Analysis.Build.props
		Directory.Build.props = Directory.Build.props
		Tests.Build.props = Tests.Build.props
		.gitignore = .gitignore
		.editorconfig = .editorconfig
		Dockerfile = Dockerfile
		docker-compose.yml = docker-compose.yml
	EndProjectSection
EndProject
Project("{2150E333-8FDC-42A3-9474-1A3956D46DE8}") = "Core", "Core", "{5C748417-563A-41A4-AC92-67A815C5A929}"
EndProject
Project("{FAE04EC0-301F-11D3-BF4B-00C04F79EFBC}") = "Ecommerce.Core", "src\Core\Ecommerce.Core\Ecommerce.Core.csproj", "{9CD0617F-6555-4F29-9C3E-211DC9A92CD5}"
EndProject
Project("{FAE04EC0-301F-11D3-BF4B-00C04F79EFBC}") = "Ecommerce.Core.Testing", "src\Core\Ecommerce.Core.Testing\Ecommerce.Core.Testing.csproj", "{1636BA0D-7840-41DD-B3C5-6462AF565897}"
EndProject
Project("{FAE04EC0-301F-11D3-BF4B-00C04F79EFBC}") = "Ecommerce.Core.WebApi", "src\Core\Ecommerce.Core.WebApi\Ecommerce.Core.WebApi.csproj", "{B2E5BA11-4D04-46A4-8069-195462BF6C30}"
EndProject
Project("{FAE04EC0-301F-11D3-BF4B-00C04F79EFBC}") = "Ecommerce.Core.Tests", "src\Core\Ecommerce.Core.Tests\Ecommerce.Core.Tests.csproj", "{20DE1E80-A559-41D6-AB07-5E347EB8B73F}"
EndProject
Project("{2150E333-8FDC-42A3-9474-1A3956D46DE8}") = "Catalog", "Catalog", "{D2D32A1B-54D9-406B-8A45-E8D07CB73DA0}"
EndProject
Project("{2150E333-8FDC-42A3-9474-1A3956D46DE8}") = "Legacy", "Legacy", "{920605B8-81CA-4D01-B404-6A83E995FE6D}"
EndProject
Project("{FAE04EC0-301F-11D3-BF4B-00C04F79EFBC}") = "Legacy.Application", "src\Legacy\Legacy.Application\Legacy.Application.csproj", "{9CAC6804-80A8-47C3-A271-A6E87A4521F4}"
EndProject
Project("{FAE04EC0-301F-11D3-BF4B-00C04F79EFBC}") = "Legacy.Api", "src\Legacy\Legacy.Api\Legacy.Api.csproj", "{F1F0FFFB-E42A-40AF-822D-22C13F905D19}"
EndProject
Project("{FAE04EC0-301F-11D3-BF4B-00C04F79EFBC}") = "Catalog", "src\Catalog\Catalog\Catalog.csproj", "{6627DFFC-92D1-40BC-A7B0-FAA0DB262B10}"
EndProject
Project("{FAE04EC0-301F-11D3-BF4B-00C04F79EFBC}") = "Catalog.Tests", "src\Catalog\Catalog.Tests\Catalog.Tests.csproj", "{CCAF900F-369F-4047-A386-1720176EF50C}"
EndProject
Project("{FAE04EC0-301F-11D3-BF4B-00C04F79EFBC}") = "Catalog.Api", "src\Catalog\Catalog.Api\Catalog.Api.csproj", "{D1242136-E82D-41BF-875A-E5B34BB43940}"
EndProject
Project("{FAE04EC0-301F-11D3-BF4B-00C04F79EFBC}") = "Catalog.Api.Tests", "src\Catalog\Catalog.Api.Tests\Catalog.Api.Tests.csproj", "{500940F3-BD46-4E02-AC32-E36DFB1D2598}"
EndProject
Project("{FAE04EC0-301F-11D3-BF4B-00C04F79EFBC}") = "Legacy.Data", "src\Legacy\Legacy.Data\Legacy.Data.csproj", "{53645A48-B20D-4DD5-9AF3-3478C3443E14}"
EndProject
Project("{2150E333-8FDC-42A3-9474-1A3956D46DE8}") = "Inventory", "Inventory", "{1DB2150C-70C5-47D5-B4FC-5C0190106E75}"
EndProject
Project("{FAE04EC0-301F-11D3-BF4B-00C04F79EFBC}") = "Inventory", "src\Inventory\Inventory\Inventory.csproj", "{CECCECD0-A286-481A-AC43-8D911BFB2E91}"
EndProject
Global
	GlobalSection(SolutionConfigurationPlatforms) = preSolution
		Debug|Any CPU = Debug|Any CPU
		Release|Any CPU = Release|Any CPU
	EndGlobalSection
	GlobalSection(ProjectConfigurationPlatforms) = postSolution
		{9CD0617F-6555-4F29-9C3E-211DC9A92CD5}.Debug|Any CPU.ActiveCfg = Debug|Any CPU
		{9CD0617F-6555-4F29-9C3E-211DC9A92CD5}.Debug|Any CPU.Build.0 = Debug|Any CPU
		{9CD0617F-6555-4F29-9C3E-211DC9A92CD5}.Release|Any CPU.ActiveCfg = Release|Any CPU
		{9CD0617F-6555-4F29-9C3E-211DC9A92CD5}.Release|Any CPU.Build.0 = Release|Any CPU
		{1636BA0D-7840-41DD-B3C5-6462AF565897}.Debug|Any CPU.ActiveCfg = Debug|Any CPU
		{1636BA0D-7840-41DD-B3C5-6462AF565897}.Debug|Any CPU.Build.0 = Debug|Any CPU
		{1636BA0D-7840-41DD-B3C5-6462AF565897}.Release|Any CPU.ActiveCfg = Release|Any CPU
		{1636BA0D-7840-41DD-B3C5-6462AF565897}.Release|Any CPU.Build.0 = Release|Any CPU
		{B2E5BA11-4D04-46A4-8069-195462BF6C30}.Debug|Any CPU.ActiveCfg = Debug|Any CPU
		{B2E5BA11-4D04-46A4-8069-195462BF6C30}.Debug|Any CPU.Build.0 = Debug|Any CPU
		{B2E5BA11-4D04-46A4-8069-195462BF6C30}.Release|Any CPU.ActiveCfg = Release|Any CPU
		{B2E5BA11-4D04-46A4-8069-195462BF6C30}.Release|Any CPU.Build.0 = Release|Any CPU
		{20DE1E80-A559-41D6-AB07-5E347EB8B73F}.Debug|Any CPU.ActiveCfg = Debug|Any CPU
		{20DE1E80-A559-41D6-AB07-5E347EB8B73F}.Debug|Any CPU.Build.0 = Debug|Any CPU
		{20DE1E80-A559-41D6-AB07-5E347EB8B73F}.Release|Any CPU.ActiveCfg = Release|Any CPU
		{20DE1E80-A559-41D6-AB07-5E347EB8B73F}.Release|Any CPU.Build.0 = Release|Any CPU
		{9CAC6804-80A8-47C3-A271-A6E87A4521F4}.Debug|Any CPU.ActiveCfg = Debug|Any CPU
		{9CAC6804-80A8-47C3-A271-A6E87A4521F4}.Debug|Any CPU.Build.0 = Debug|Any CPU
		{9CAC6804-80A8-47C3-A271-A6E87A4521F4}.Release|Any CPU.ActiveCfg = Release|Any CPU
		{9CAC6804-80A8-47C3-A271-A6E87A4521F4}.Release|Any CPU.Build.0 = Release|Any CPU
		{F1F0FFFB-E42A-40AF-822D-22C13F905D19}.Debug|Any CPU.ActiveCfg = Debug|Any CPU
		{F1F0FFFB-E42A-40AF-822D-22C13F905D19}.Debug|Any CPU.Build.0 = Debug|Any CPU
		{F1F0FFFB-E42A-40AF-822D-22C13F905D19}.Release|Any CPU.ActiveCfg = Release|Any CPU
		{F1F0FFFB-E42A-40AF-822D-22C13F905D19}.Release|Any CPU.Build.0 = Release|Any CPU
		{6627DFFC-92D1-40BC-A7B0-FAA0DB262B10}.Debug|Any CPU.ActiveCfg = Debug|Any CPU
		{6627DFFC-92D1-40BC-A7B0-FAA0DB262B10}.Debug|Any CPU.Build.0 = Debug|Any CPU
		{6627DFFC-92D1-40BC-A7B0-FAA0DB262B10}.Release|Any CPU.ActiveCfg = Release|Any CPU
		{6627DFFC-92D1-40BC-A7B0-FAA0DB262B10}.Release|Any CPU.Build.0 = Release|Any CPU
		{CCAF900F-369F-4047-A386-1720176EF50C}.Debug|Any CPU.ActiveCfg = Debug|Any CPU
		{CCAF900F-369F-4047-A386-1720176EF50C}.Debug|Any CPU.Build.0 = Debug|Any CPU
		{CCAF900F-369F-4047-A386-1720176EF50C}.Release|Any CPU.ActiveCfg = Release|Any CPU
		{CCAF900F-369F-4047-A386-1720176EF50C}.Release|Any CPU.Build.0 = Release|Any CPU
		{D1242136-E82D-41BF-875A-E5B34BB43940}.Debug|Any CPU.ActiveCfg = Debug|Any CPU
		{D1242136-E82D-41BF-875A-E5B34BB43940}.Debug|Any CPU.Build.0 = Debug|Any CPU
		{D1242136-E82D-41BF-875A-E5B34BB43940}.Release|Any CPU.ActiveCfg = Release|Any CPU
		{D1242136-E82D-41BF-875A-E5B34BB43940}.Release|Any CPU.Build.0 = Release|Any CPU
		{500940F3-BD46-4E02-AC32-E36DFB1D2598}.Debug|Any CPU.ActiveCfg = Debug|Any CPU
		{500940F3-BD46-4E02-AC32-E36DFB1D2598}.Debug|Any CPU.Build.0 = Debug|Any CPU
		{500940F3-BD46-4E02-AC32-E36DFB1D2598}.Release|Any CPU.ActiveCfg = Release|Any CPU
		{500940F3-BD46-4E02-AC32-E36DFB1D2598}.Release|Any CPU.Build.0 = Release|Any CPU
		{53645A48-B20D-4DD5-9AF3-3478C3443E14}.Debug|Any CPU.ActiveCfg = Debug|Any CPU
		{53645A48-B20D-4DD5-9AF3-3478C3443E14}.Debug|Any CPU.Build.0 = Debug|Any CPU
		{53645A48-B20D-4DD5-9AF3-3478C3443E14}.Release|Any CPU.ActiveCfg = Release|Any CPU
		{53645A48-B20D-4DD5-9AF3-3478C3443E14}.Release|Any CPU.Build.0 = Release|Any CPU
		{CECCECD0-A286-481A-AC43-8D911BFB2E91}.Debug|Any CPU.ActiveCfg = Debug|Any CPU
		{CECCECD0-A286-481A-AC43-8D911BFB2E91}.Debug|Any CPU.Build.0 = Debug|Any CPU
		{CECCECD0-A286-481A-AC43-8D911BFB2E91}.Release|Any CPU.ActiveCfg = Release|Any CPU
		{CECCECD0-A286-481A-AC43-8D911BFB2E91}.Release|Any CPU.Build.0 = Release|Any CPU
	EndGlobalSection
	GlobalSection(NestedProjects) = preSolution
		{9CD0617F-6555-4F29-9C3E-211DC9A92CD5} = {5C748417-563A-41A4-AC92-67A815C5A929}
		{1636BA0D-7840-41DD-B3C5-6462AF565897} = {5C748417-563A-41A4-AC92-67A815C5A929}
		{B2E5BA11-4D04-46A4-8069-195462BF6C30} = {5C748417-563A-41A4-AC92-67A815C5A929}
		{9CAC6804-80A8-47C3-A271-A6E87A4521F4} = {920605B8-81CA-4D01-B404-6A83E995FE6D}
		{F1F0FFFB-E42A-40AF-822D-22C13F905D19} = {920605B8-81CA-4D01-B404-6A83E995FE6D}
		{20DE1E80-A559-41D6-AB07-5E347EB8B73F} = {5C748417-563A-41A4-AC92-67A815C5A929}
		{6627DFFC-92D1-40BC-A7B0-FAA0DB262B10} = {D2D32A1B-54D9-406B-8A45-E8D07CB73DA0}
		{CCAF900F-369F-4047-A386-1720176EF50C} = {D2D32A1B-54D9-406B-8A45-E8D07CB73DA0}
		{D1242136-E82D-41BF-875A-E5B34BB43940} = {D2D32A1B-54D9-406B-8A45-E8D07CB73DA0}
		{500940F3-BD46-4E02-AC32-E36DFB1D2598} = {D2D32A1B-54D9-406B-8A45-E8D07CB73DA0}
		{53645A48-B20D-4DD5-9AF3-3478C3443E14} = {920605B8-81CA-4D01-B404-6A83E995FE6D}
		{CECCECD0-A286-481A-AC43-8D911BFB2E91} = {1DB2150C-70C5-47D5-B4FC-5C0190106E75}
	EndGlobalSection
EndGlobal
